
Microsoft Visual Studio Solution File, Format Version 12.00
# Visual Studio Version 16
VisualStudioVersion = 16.0.31911.196
MinimumVisualStudioVersion = 10.0.40219.1
Project("{F2A71F9B-5D33-465A-A702-920D77279786}") = "Day 6", "Day 6.fsproj", "{B26B81BD-D767-4DC1-B42C-03DDEA99089A}"
EndProject
Global
	GlobalSection(SolutionConfigurationPlatforms) = preSolution
		Debug|Any CPU = Debug|Any CPU
		Release|Any CPU = Release|Any CPU
	EndGlobalSection
	GlobalSection(ProjectConfigurationPlatforms) = postSolution
		{B26B81BD-D767-4DC1-B42C-03DDEA99089A}.Debug|Any CPU.ActiveCfg = Debug|Any CPU
		{B26B81BD-D767-4DC1-B42C-03DDEA99089A}.Debug|Any CPU.Build.0 = Debug|Any CPU
		{B26B81BD-D767-4DC1-B42C-03DDEA99089A}.Release|Any CPU.ActiveCfg = Release|Any CPU
		{B26B81BD-D767-4DC1-B42C-03DDEA99089A}.Release|Any CPU.Build.0 = Release|Any CPU
	EndGlobalSection
	GlobalSection(SolutionProperties) = preSolution
		HideSolutionNode = FALSE
	EndGlobalSection
	GlobalSection(ExtensibilityGlobals) = postSolution
		SolutionGuid = {162C7E81-DAC6-4987-BE69-CBE87BC716F1}
	EndGlobalSection
EndGlobal
